
Microsoft Visual Studio Solution File, Format Version 12.00
# Visual Studio Version 17
VisualStudioVersion = 17.4.33213.308
MinimumVisualStudioVersion = 10.0.40219.1
Project("{FAE04EC0-301F-11D3-BF4B-00C04F79EFBC}") = "Assignment 1 Singletons", "Assignment 1 Singletons\Assignment 1 Singletons.csproj", "{7ADF40D8-7480-4C5C-AE6E-35A3CEEEFA0D}"
EndProject
Global
	GlobalSection(SolutionConfigurationPlatforms) = preSolution
		Debug|Any CPU = Debug|Any CPU
		Release|Any CPU = Release|Any CPU
	EndGlobalSection
	GlobalSection(ProjectConfigurationPlatforms) = postSolution
		{7ADF40D8-7480-4C5C-AE6E-35A3CEEEFA0D}.Debug|Any CPU.ActiveCfg = Debug|Any CPU
		{7ADF40D8-7480-4C5C-AE6E-35A3CEEEFA0D}.Debug|Any CPU.Build.0 = Debug|Any CPU
		{7ADF40D8-7480-4C5C-AE6E-35A3CEEEFA0D}.Release|Any CPU.ActiveCfg = Release|Any CPU
		{7ADF40D8-7480-4C5C-AE6E-35A3CEEEFA0D}.Release|Any CPU.Build.0 = Release|Any CPU
	EndGlobalSection
	GlobalSection(SolutionProperties) = preSolution
		HideSolutionNode = FALSE
	EndGlobalSection
	GlobalSection(ExtensibilityGlobals) = postSolution
		SolutionGuid = {25AEFF84-29A5-4087-9701-3667224535BD}
	EndGlobalSection
EndGlobal
